
Microsoft Visual Studio Solution File, Format Version 12.00
# Visual Studio Version 16
VisualStudioVersion = 25.0.1706.4
MinimumVisualStudioVersion = 10.0.40219.1
Project("{FAE04EC0-301F-11D3-BF4B-00C04F79EFBC}") = "Stack", "Stack\Stack.csproj", "{DDBE4E8D-21AC-48AD-ADB8-E5A4B61BC92A}"
EndProject
Global
	GlobalSection(SolutionConfigurationPlatforms) = preSolution
		Debug|Any CPU = Debug|Any CPU
		Release|Any CPU = Release|Any CPU
	EndGlobalSection
	GlobalSection(ProjectConfigurationPlatforms) = postSolution
		{DDBE4E8D-21AC-48AD-ADB8-E5A4B61BC92A}.Debug|Any CPU.ActiveCfg = Debug|Any CPU
		{DDBE4E8D-21AC-48AD-ADB8-E5A4B61BC92A}.Debug|Any CPU.Build.0 = Debug|Any CPU
		{DDBE4E8D-21AC-48AD-ADB8-E5A4B61BC92A}.Release|Any CPU.ActiveCfg = Release|Any CPU
		{DDBE4E8D-21AC-48AD-ADB8-E5A4B61BC92A}.Release|Any CPU.Build.0 = Release|Any CPU
	EndGlobalSection
	GlobalSection(SolutionProperties) = preSolution
		HideSolutionNode = FALSE
	EndGlobalSection
	GlobalSection(ExtensibilityGlobals) = postSolution
		SolutionGuid = {2F7E500F-F5AE-49B5-B2FC-9567C31F3E0C}
	EndGlobalSection
EndGlobal
